// !$*UTF8*$!
{
	archiveVersion = 1;
	classes = {
	};
	objectVersion = 50;
	objects = {

/* Begin PBXBuildFile section */
		2B72BE20242C81B500EDA2F8 /* AppDelegate.m in Sources */ = {isa = PBXBuildFile; fileRef = 2B72BE1F242C81B500EDA2F8 /* AppDelegate.m */; };
		2B72BE23242C81B500EDA2F8 /* SceneDelegate.m in Sources */ = {isa = PBXBuildFile; fileRef = 2B72BE22242C81B500EDA2F8 /* SceneDelegate.m */; };
		2B72BE26242C81B500EDA2F8 /* ViewController.m in Sources */ = {isa = PBXBuildFile; fileRef = 2B72BE25242C81B500EDA2F8 /* ViewController.m */; };
		2B72BE29242C81B500EDA2F8 /* Main.storyboard in Resources */ = {isa = PBXBuildFile; fileRef = 2B72BE27242C81B500EDA2F8 /* Main.storyboard */; };
		2B72BE2B242C81B600EDA2F8 /* Assets.xcassets in Resources */ = {isa = PBXBuildFile; fileRef = 2B72BE2A242C81B600EDA2F8 /* Assets.xcassets */; };
		2B72BE2E242C81B600EDA2F8 /* LaunchScreen.storyboard in Resources */ = {isa = PBXBuildFile; fileRef = 2B72BE2C242C81B600EDA2F8 /* LaunchScreen.storyboard */; };
		2B72BE31242C81B600EDA2F8 /* main.m in Sources */ = {isa = PBXBuildFile; fileRef = 2B72BE30242C81B600EDA2F8 /* main.m */; };
		2B72BE3B242C81B600EDA2F8 /* JsDemoTests.m in Sources */ = {isa = PBXBuildFile; fileRef = 2B72BE3A242C81B600EDA2F8 /* JsDemoTests.m */; };
		2B72BE46242C81B600EDA2F8 /* JsDemoUITests.m in Sources */ = {isa = PBXBuildFile; fileRef = 2B72BE45242C81B600EDA2F8 /* JsDemoUITests.m */; };
		2B72BE58242C858000EDA2F8 /* WebContainer.m in Sources */ = {isa = PBXBuildFile; fileRef = 2B72BE57242C858000EDA2F8 /* WebContainer.m */; };
		2B72BE63242CD5FB00EDA2F8 /* WKWebContainer.m in Sources */ = {isa = PBXBuildFile; fileRef = 2B72BE62242CD5FB00EDA2F8 /* WKWebContainer.m */; };
		2B72BE66242CDE6500EDA2F8 /* index1.html in Resources */ = {isa = PBXBuildFile; fileRef = 2B72BE64242CDE6500EDA2F8 /* index1.html */; };
		2B72BE67242CDE6500EDA2F8 /* index2.html in Resources */ = {isa = PBXBuildFile; fileRef = 2B72BE65242CDE6500EDA2F8 /* index2.html */; };
		50F2AAE72434E93B00FE4A8F /* index.js in Resources */ = {isa = PBXBuildFile; fileRef = 50F2AAE62434E93B00FE4A8F /* index.js */; };
/* End PBXBuildFile section */

/* Begin PBXContainerItemProxy section */
		2B72BE37242C81B600EDA2F8 /* PBXContainerItemProxy */ = {
			isa = PBXContainerItemProxy;
			containerPortal = 2B72BE13242C81B500EDA2F8 /* Project object */;
			proxyType = 1;
			remoteGlobalIDString = 2B72BE1A242C81B500EDA2F8;
			remoteInfo = JsDemo;
		};
		2B72BE42242C81B600EDA2F8 /* PBXContainerItemProxy */ = {
			isa = PBXContainerItemProxy;
			containerPortal = 2B72BE13242C81B500EDA2F8 /* Project object */;
			proxyType = 1;
			remoteGlobalIDString = 2B72BE1A242C81B500EDA2F8;
			remoteInfo = JsDemo;
		};
/* End PBXContainerItemProxy section */

/* Begin PBXFileReference section */
		2B72BE1B242C81B500EDA2F8 /* JsDemo.app */ = {isa = PBXFileReference; explicitFileType = wrapper.application; includeInIndex = 0; path = JsDemo.app; sourceTree = BUILT_PRODUCTS_DIR; };
		2B72BE1E242C81B500EDA2F8 /* AppDelegate.h */ = {isa = PBXFileReference; lastKnownFileType = sourcecode.c.h; path = AppDelegate.h; sourceTree = "<group>"; };
		2B72BE1F242C81B500EDA2F8 /* AppDelegate.m */ = {isa = PBXFileReference; lastKnownFileType = sourcecode.c.objc; path = AppDelegate.m; sourceTree = "<group>"; };
		2B72BE21242C81B500EDA2F8 /* SceneDelegate.h */ = {isa = PBXFileReference; lastKnownFileType = sourcecode.c.h; path = SceneDelegate.h; sourceTree = "<group>"; };
		2B72BE22242C81B500EDA2F8 /* SceneDelegate.m */ = {isa = PBXFileReference; lastKnownFileType = sourcecode.c.objc; path = SceneDelegate.m; sourceTree = "<group>"; };
		2B72BE24242C81B500EDA2F8 /* ViewController.h */ = {isa = PBXFileReference; lastKnownFileType = sourcecode.c.h; path = ViewController.h; sourceTree = "<group>"; };
		2B72BE25242C81B500EDA2F8 /* ViewController.m */ = {isa = PBXFileReference; lastKnownFileType = sourcecode.c.objc; path = ViewController.m; sourceTree = "<group>"; };
		2B72BE28242C81B500EDA2F8 /* Base */ = {isa = PBXFileReference; lastKnownFileType = file.storyboard; name = Base; path = Base.lproj/Main.storyboard; sourceTree = "<group>"; };
		2B72BE2A242C81B600EDA2F8 /* Assets.xcassets */ = {isa = PBXFileReference; lastKnownFileType = folder.assetcatalog; path = Assets.xcassets; sourceTree = "<group>"; };
		2B72BE2D242C81B600EDA2F8 /* Base */ = {isa = PBXFileReference; lastKnownFileType = file.storyboard; name = Base; path = Base.lproj/LaunchScreen.storyboard; sourceTree = "<group>"; };
		2B72BE2F242C81B600EDA2F8 /* Info.plist */ = {isa = PBXFileReference; lastKnownFileType = text.plist.xml; path = Info.plist; sourceTree = "<group>"; };
		2B72BE30242C81B600EDA2F8 /* main.m */ = {isa = PBXFileReference; lastKnownFileType = sourcecode.c.objc; path = main.m; sourceTree = "<group>"; };
		2B72BE36242C81B600EDA2F8 /* JsDemoTests.xctest */ = {isa = PBXFileReference; explicitFileType = wrapper.cfbundle; includeInIndex = 0; path = JsDemoTests.xctest; sourceTree = BUILT_PRODUCTS_DIR; };
		2B72BE3A242C81B600EDA2F8 /* JsDemoTests.m */ = {isa = PBXFileReference; lastKnownFileType = sourcecode.c.objc; path = JsDemoTests.m; sourceTree = "<group>"; };
		2B72BE3C242C81B600EDA2F8 /* Info.plist */ = {isa = PBXFileReference; lastKnownFileType = text.plist.xml; path = Info.plist; sourceTree = "<group>"; };
		2B72BE41242C81B600EDA2F8 /* JsDemoUITests.xctest */ = {isa = PBXFileReference; explicitFileType = wrapper.cfbundle; includeInIndex = 0; path = JsDemoUITests.xctest; sourceTree = BUILT_PRODUCTS_DIR; };
		2B72BE45242C81B600EDA2F8 /* JsDemoUITests.m */ = {isa = PBXFileReference; lastKnownFileType = sourcecode.c.objc; path = JsDemoUITests.m; sourceTree = "<group>"; };
		2B72BE47242C81B600EDA2F8 /* Info.plist */ = {isa = PBXFileReference; lastKnownFileType = text.plist.xml; path = Info.plist; sourceTree = "<group>"; };
		2B72BE56242C858000EDA2F8 /* WebContainer.h */ = {isa = PBXFileReference; lastKnownFileType = sourcecode.c.h; path = WebContainer.h; sourceTree = "<group>"; };
		2B72BE57242C858000EDA2F8 /* WebContainer.m */ = {isa = PBXFileReference; lastKnownFileType = sourcecode.c.objc; path = WebContainer.m; sourceTree = "<group>"; };
		2B72BE5E242C8EDB00EDA2F8 /* PrefixHeader.pch */ = {isa = PBXFileReference; lastKnownFileType = sourcecode.c.h; path = PrefixHeader.pch; sourceTree = "<group>"; };
		2B72BE61242CD5FB00EDA2F8 /* WKWebContainer.h */ = {isa = PBXFileReference; lastKnownFileType = sourcecode.c.h; path = WKWebContainer.h; sourceTree = "<group>"; };
		2B72BE62242CD5FB00EDA2F8 /* WKWebContainer.m */ = {isa = PBXFileReference; lastKnownFileType = sourcecode.c.objc; path = WKWebContainer.m; sourceTree = "<group>"; };
		2B72BE64242CDE6500EDA2F8 /* index1.html */ = {isa = PBXFileReference; fileEncoding = 4; lastKnownFileType = text.html; path = index1.html; sourceTree = "<group>"; };
		2B72BE65242CDE6500EDA2F8 /* index2.html */ = {isa = PBXFileReference; fileEncoding = 4; lastKnownFileType = text.html; path = index2.html; sourceTree = "<group>"; };
		50F2AAE62434E93B00FE4A8F /* index.js */ = {isa = PBXFileReference; fileEncoding = 4; lastKnownFileType = sourcecode.javascript; path = index.js; sourceTree = "<group>"; };
/* End PBXFileReference section */

/* Begin PBXFrameworksBuildPhase section */
		2B72BE18242C81B500EDA2F8 /* Frameworks */ = {
			isa = PBXFrameworksBuildPhase;
			buildActionMask = 2147483647;
			files = (
			);
			runOnlyForDeploymentPostprocessing = 0;
		};
		2B72BE33242C81B600EDA2F8 /* Frameworks */ = {
			isa = PBXFrameworksBuildPhase;
			buildActionMask = 2147483647;
			files = (
			);
			runOnlyForDeploymentPostprocessing = 0;
		};
		2B72BE3E242C81B600EDA2F8 /* Frameworks */ = {
			isa = PBXFrameworksBuildPhase;
			buildActionMask = 2147483647;
			files = (
			);
			runOnlyForDeploymentPostprocessing = 0;
		};
/* End PBXFrameworksBuildPhase section */

/* Begin PBXGroup section */
		2B72BE12242C81B500EDA2F8 = {
			isa = PBXGroup;
			children = (
				2B72BE1D242C81B500EDA2F8 /* JsDemo */,
				2B72BE39242C81B600EDA2F8 /* JsDemoTests */,
				2B72BE44242C81B600EDA2F8 /* JsDemoUITests */,
				2B72BE1C242C81B500EDA2F8 /* Products */,
			);
			sourceTree = "<group>";
		};
		2B72BE1C242C81B500EDA2F8 /* Products */ = {
			isa = PBXGroup;
			children = (
				2B72BE1B242C81B500EDA2F8 /* JsDemo.app */,
				2B72BE36242C81B600EDA2F8 /* JsDemoTests.xctest */,
				2B72BE41242C81B600EDA2F8 /* JsDemoUITests.xctest */,
			);
			name = Products;
			sourceTree = "<group>";
		};
		2B72BE1D242C81B500EDA2F8 /* JsDemo */ = {
			isa = PBXGroup;
			children = (
				2B72BE5E242C8EDB00EDA2F8 /* PrefixHeader.pch */,
				2B72BE1E242C81B500EDA2F8 /* AppDelegate.h */,
				2B72BE1F242C81B500EDA2F8 /* AppDelegate.m */,
				2B72BE21242C81B500EDA2F8 /* SceneDelegate.h */,
				2B72BE22242C81B500EDA2F8 /* SceneDelegate.m */,
				2B72BE24242C81B500EDA2F8 /* ViewController.h */,
				2B72BE25242C81B500EDA2F8 /* ViewController.m */,
				2B72BE59242C859000EDA2F8 /* web */,
				2B72BE27242C81B500EDA2F8 /* Main.storyboard */,
				2B72BE2A242C81B600EDA2F8 /* Assets.xcassets */,
				2B72BE2C242C81B600EDA2F8 /* LaunchScreen.storyboard */,
				2B72BE2F242C81B600EDA2F8 /* Info.plist */,
				2B72BE30242C81B600EDA2F8 /* main.m */,
			);
			path = JsDemo;
			sourceTree = "<group>";
		};
		2B72BE39242C81B600EDA2F8 /* JsDemoTests */ = {
			isa = PBXGroup;
			children = (
				2B72BE3A242C81B600EDA2F8 /* JsDemoTests.m */,
				2B72BE3C242C81B600EDA2F8 /* Info.plist */,
			);
			path = JsDemoTests;
			sourceTree = "<group>";
		};
		2B72BE44242C81B600EDA2F8 /* JsDemoUITests */ = {
			isa = PBXGroup;
			children = (
				2B72BE45242C81B600EDA2F8 /* JsDemoUITests.m */,
				2B72BE47242C81B600EDA2F8 /* Info.plist */,
			);
			path = JsDemoUITests;
			sourceTree = "<group>";
		};
		2B72BE59242C859000EDA2F8 /* web */ = {
			isa = PBXGroup;
			children = (
				2B72BE56242C858000EDA2F8 /* WebContainer.h */,
				2B72BE57242C858000EDA2F8 /* WebContainer.m */,
				2B72BE61242CD5FB00EDA2F8 /* WKWebContainer.h */,
				2B72BE62242CD5FB00EDA2F8 /* WKWebContainer.m */,
				2B72BE5A242C85A200EDA2F8 /* dist */,
			);
			path = web;
			sourceTree = "<group>";
		};
		2B72BE5A242C85A200EDA2F8 /* dist */ = {
			isa = PBXGroup;
			children = (
				50F2AAE62434E93B00FE4A8F /* index.js */,
				2B72BE64242CDE6500EDA2F8 /* index1.html */,
				2B72BE65242CDE6500EDA2F8 /* index2.html */,
			);
			path = dist;
			sourceTree = "<group>";
		};
/* End PBXGroup section */

/* Begin PBXNativeTarget section */
		2B72BE1A242C81B500EDA2F8 /* JsDemo */ = {
			isa = PBXNativeTarget;
			buildConfigurationList = 2B72BE4A242C81B600EDA2F8 /* Build configuration list for PBXNativeTarget "JsDemo" */;
			buildPhases = (
				2B72BE17242C81B500EDA2F8 /* Sources */,
				2B72BE18242C81B500EDA2F8 /* Frameworks */,
				2B72BE19242C81B500EDA2F8 /* Resources */,
			);
			buildRules = (
			);
			dependencies = (
			);
			name = JsDemo;
			productName = JsDemo;
			productReference = 2B72BE1B242C81B500EDA2F8 /* JsDemo.app */;
			productType = "com.apple.product-type.application";
		};
		2B72BE35242C81B600EDA2F8 /* JsDemoTests */ = {
			isa = PBXNativeTarget;
			buildConfigurationList = 2B72BE4D242C81B600EDA2F8 /* Build configuration list for PBXNativeTarget "JsDemoTests" */;
			buildPhases = (
				2B72BE32242C81B600EDA2F8 /* Sources */,
				2B72BE33242C81B600EDA2F8 /* Frameworks */,
				2B72BE34242C81B600EDA2F8 /* Resources */,
			);
			buildRules = (
			);
			dependencies = (
				2B72BE38242C81B600EDA2F8 /* PBXTargetDependency */,
			);
			name = JsDemoTests;
			productName = JsDemoTests;
			productReference = 2B72BE36242C81B600EDA2F8 /* JsDemoTests.xctest */;
			productType = "com.apple.product-type.bundle.unit-test";
		};
		2B72BE40242C81B600EDA2F8 /* JsDemoUITests */ = {
			isa = PBXNativeTarget;
			buildConfigurationList = 2B72BE50242C81B600EDA2F8 /* Build configuration list for PBXNativeTarget "JsDemoUITests" */;
			buildPhases = (
				2B72BE3D242C81B600EDA2F8 /* Sources */,
				2B72BE3E242C81B600EDA2F8 /* Frameworks */,
				2B72BE3F242C81B600EDA2F8 /* Resources */,
			);
			buildRules = (
			);
			dependencies = (
				2B72BE43242C81B600EDA2F8 /* PBXTargetDependency */,
			);
			name = JsDemoUITests;
			productName = JsDemoUITests;
			productReference = 2B72BE41242C81B600EDA2F8 /* JsDemoUITests.xctest */;
			productType = "com.apple.product-type.bundle.ui-testing";
		};
/* End PBXNativeTarget section */

/* Begin PBXProject section */
		2B72BE13242C81B500EDA2F8 /* Project object */ = {
			isa = PBXProject;
			attributes = {
				LastUpgradeCheck = 1120;
				ORGANIZATIONNAME = wangxu;
				TargetAttributes = {
					2B72BE1A242C81B500EDA2F8 = {
						CreatedOnToolsVersion = 11.2.1;
					};
					2B72BE35242C81B600EDA2F8 = {
						CreatedOnToolsVersion = 11.2.1;
						TestTargetID = 2B72BE1A242C81B500EDA2F8;
					};
					2B72BE40242C81B600EDA2F8 = {
						CreatedOnToolsVersion = 11.2.1;
						TestTargetID = 2B72BE1A242C81B500EDA2F8;
					};
				};
			};
			buildConfigurationList = 2B72BE16242C81B500EDA2F8 /* Build configuration list for PBXProject "JsDemo" */;
			compatibilityVersion = "Xcode 9.3";
			developmentRegion = en;
			hasScannedForEncodings = 0;
			knownRegions = (
				en,
				Base,
			);
			mainGroup = 2B72BE12242C81B500EDA2F8;
			productRefGroup = 2B72BE1C242C81B500EDA2F8 /* Products */;
			projectDirPath = "";
			projectRoot = "";
			targets = (
				2B72BE1A242C81B500EDA2F8 /* JsDemo */,
				2B72BE35242C81B600EDA2F8 /* JsDemoTests */,
				2B72BE40242C81B600EDA2F8 /* JsDemoUITests */,
			);
		};
/* End PBXProject section */

/* Begin PBXResourcesBuildPhase section */
		2B72BE19242C81B500EDA2F8 /* Resources */ = {
			isa = PBXResourcesBuildPhase;
			buildActionMask = 2147483647;
			files = (
				2B72BE2E242C81B600EDA2F8 /* LaunchScreen.storyboard in Resources */,
				2B72BE2B242C81B600EDA2F8 /* Assets.xcassets in Resources */,
				2B72BE29242C81B500EDA2F8 /* Main.storyboard in Resources */,
				50F2AAE72434E93B00FE4A8F /* index.js in Resources */,
				2B72BE66242CDE6500EDA2F8 /* index1.html in Resources */,
				2B72BE67242CDE6500EDA2F8 /* index2.html in Resources */,
			);
			runOnlyForDeploymentPostprocessing = 0;
		};
		2B72BE34242C81B600EDA2F8 /* Resources */ = {
			isa = PBXResourcesBuildPhase;
			buildActionMask = 2147483647;
			files = (
			);
			runOnlyForDeploymentPostprocessing = 0;
		};
		2B72BE3F242C81B600EDA2F8 /* Resources */ = {
			isa = PBXResourcesBuildPhase;
			buildActionMask = 2147483647;
			files = (
			);
			runOnlyForDeploymentPostprocessing = 0;
		};
/* End PBXResourcesBuildPhase section */

/* Begin PBXSourcesBuildPhase section */
		2B72BE17242C81B500EDA2F8 /* Sources */ = {
			isa = PBXSourcesBuildPhase;
			buildActionMask = 2147483647;
			files = (
				2B72BE26242C81B500EDA2F8 /* ViewController.m in Sources */,
				2B72BE58242C858000EDA2F8 /* WebContainer.m in Sources */,
				2B72BE20242C81B500EDA2F8 /* AppDelegate.m in Sources */,
				2B72BE31242C81B600EDA2F8 /* main.m in Sources */,
				2B72BE63242CD5FB00EDA2F8 /* WKWebContainer.m in Sources */,
				2B72BE23242C81B500EDA2F8 /* SceneDelegate.m in Sources */,
			);
			runOnlyForDeploymentPostprocessing = 0;
		};
		2B72BE32242C81B600EDA2F8 /* Sources */ = {
			isa = PBXSourcesBuildPhase;
			buildActionMask = 2147483647;
			files = (
				2B72BE3B242C81B600EDA2F8 /* JsDemoTests.m in Sources */,
			);
			runOnlyForDeploymentPostprocessing = 0;
		};
		2B72BE3D242C81B600EDA2F8 /* Sources */ = {
			isa = PBXSourcesBuildPhase;
			buildActionMask = 2147483647;
			files = (
				2B72BE46242C81B600EDA2F8 /* JsDemoUITests.m in Sources */,
			);
			runOnlyForDeploymentPostprocessing = 0;
		};
/* End PBXSourcesBuildPhase section */

/* Begin PBXTargetDependency section */
		2B72BE38242C81B600EDA2F8 /* PBXTargetDependency */ = {
			isa = PBXTargetDependency;
			target = 2B72BE1A242C81B500EDA2F8 /* JsDemo */;
			targetProxy = 2B72BE37242C81B600EDA2F8 /* PBXContainerItemProxy */;
		};
		2B72BE43242C81B600EDA2F8 /* PBXTargetDependency */ = {
			isa = PBXTargetDependency;
			target = 2B72BE1A242C81B500EDA2F8 /* JsDemo */;
			targetProxy = 2B72BE42242C81B600EDA2F8 /* PBXContainerItemProxy */;
		};
/* End PBXTargetDependency section */

/* Begin PBXVariantGroup section */
		2B72BE27242C81B500EDA2F8 /* Main.storyboard */ = {
			isa = PBXVariantGroup;
			children = (
				2B72BE28242C81B500EDA2F8 /* Base */,
			);
			name = Main.storyboard;
			sourceTree = "<group>";
		};
		2B72BE2C242C81B600EDA2F8 /* LaunchScreen.storyboard */ = {
			isa = PBXVariantGroup;
			children = (
				2B72BE2D242C81B600EDA2F8 /* Base */,
			);
			name = LaunchScreen.storyboard;
			sourceTree = "<group>";
		};
/* End PBXVariantGroup section */

/* Begin XCBuildConfiguration section */
		2B72BE48242C81B600EDA2F8 /* Debug */ = {
			isa = XCBuildConfiguration;
			buildSettings = {
				ALWAYS_SEARCH_USER_PATHS = NO;
				CLANG_ANALYZER_NONNULL = YES;
				CLANG_ANALYZER_NUMBER_OBJECT_CONVERSION = YES_AGGRESSIVE;
				CLANG_CXX_LANGUAGE_STANDARD = "gnu++14";
				CLANG_CXX_LIBRARY = "libc++";
				CLANG_ENABLE_MODULES = YES;
				CLANG_ENABLE_OBJC_ARC = YES;
				CLANG_ENABLE_OBJC_WEAK = YES;
				CLANG_WARN_BLOCK_CAPTURE_AUTORELEASING = YES;
				CLANG_WARN_BOOL_CONVERSION = YES;
				CLANG_WARN_COMMA = YES;
				CLANG_WARN_CONSTANT_CONVERSION = YES;
				CLANG_WARN_DEPRECATED_OBJC_IMPLEMENTATIONS = YES;
				CLANG_WARN_DIRECT_OBJC_ISA_USAGE = YES_ERROR;
				CLANG_WARN_DOCUMENTATION_COMMENTS = YES;
				CLANG_WARN_EMPTY_BODY = YES;
				CLANG_WARN_ENUM_CONVERSION = YES;
				CLANG_WARN_INFINITE_RECURSION = YES;
				CLANG_WARN_INT_CONVERSION = YES;
				CLANG_WARN_NON_LITERAL_NULL_CONVERSION = YES;
				CLANG_WARN_OBJC_IMPLICIT_RETAIN_SELF = YES;
				CLANG_WARN_OBJC_LITERAL_CONVERSION = YES;
				CLANG_WARN_OBJC_ROOT_CLASS = YES_ERROR;
				CLANG_WARN_RANGE_LOOP_ANALYSIS = YES;
				CLANG_WARN_STRICT_PROTOTYPES = YES;
				CLANG_WARN_SUSPICIOUS_MOVE = YES;
				CLANG_WARN_UNGUARDED_AVAILABILITY = YES_AGGRESSIVE;
				CLANG_WARN_UNREACHABLE_CODE = YES;
				CLANG_WARN__DUPLICATE_METHOD_MATCH = YES;
				COPY_PHASE_STRIP = NO;
				DEBUG_INFORMATION_FORMAT = dwarf;
				ENABLE_STRICT_OBJC_MSGSEND = YES;
				ENABLE_TESTABILITY = YES;
				GCC_C_LANGUAGE_STANDARD = gnu11;
				GCC_DYNAMIC_NO_PIC = NO;
				GCC_NO_COMMON_BLOCKS = YES;
				GCC_OPTIMIZATION_LEVEL = 0;
				GCC_PRECOMPILE_PREFIX_HEADER = YES;
				GCC_PREFIX_HEADER = "$(SRCROOT)/$(PROJECT_NAME)/PrefixHeader.pch";
				GCC_PREPROCESSOR_DEFINITIONS = (
					"DEBUG=1",
					"$(inherited)",
				);
				GCC_WARN_64_TO_32_BIT_CONVERSION = YES;
				GCC_WARN_ABOUT_RETURN_TYPE = YES_ERROR;
				GCC_WARN_UNDECLARED_SELECTOR = YES;
				GCC_WARN_UNINITIALIZED_AUTOS = YES_AGGRESSIVE;
				GCC_WARN_UNUSED_FUNCTION = YES;
				GCC_WARN_UNUSED_VARIABLE = YES;
				IPHONEOS_DEPLOYMENT_TARGET = 13.2;
				MTL_ENABLE_DEBUG_INFO = INCLUDE_SOURCE;
				MTL_FAST_MATH = YES;
				ONLY_ACTIVE_ARCH = YES;
				SDKROOT = iphoneos;
			};
			name = Debug;
		};
		2B72BE49242C81B600EDA2F8 /* Release */ = {
			isa = XCBuildConfiguration;
			buildSettings = {
				ALWAYS_SEARCH_USER_PATHS = NO;
				CLANG_ANALYZER_NONNULL = YES;
				CLANG_ANALYZER_NUMBER_OBJECT_CONVERSION = YES_AGGRESSIVE;
				CLANG_CXX_LANGUAGE_STANDARD = "gnu++14";
				CLANG_CXX_LIBRARY = "libc++";
				CLANG_ENABLE_MODULES = YES;
				CLANG_ENABLE_OBJC_ARC = YES;
				CLANG_ENABLE_OBJC_WEAK = YES;
				CLANG_WARN_BLOCK_CAPTURE_AUTORELEASING = YES;
				CLANG_WARN_BOOL_CONVERSION = YES;
				CLANG_WARN_COMMA = YES;
				CLANG_WARN_CONSTANT_CONVERSION = YES;
				CLANG_WARN_DEPRECATED_OBJC_IMPLEMENTATIONS = YES;
				CLANG_WARN_DIRECT_OBJC_ISA_USAGE = YES_ERROR;
				CLANG_WARN_DOCUMENTATION_COMMENTS = YES;
				CLANG_WARN_EMPTY_BODY = YES;
				CLANG_WARN_ENUM_CONVERSION = YES;
				CLANG_WARN_INFINITE_RECURSION = YES;
				CLANG_WARN_INT_CONVERSION = YES;
				CLANG_WARN_NON_LITERAL_NULL_CONVERSION = YES;
				CLANG_WARN_OBJC_IMPLICIT_RETAIN_SELF = YES;
				CLANG_WARN_OBJC_LITERAL_CONVERSION = YES;
				CLANG_WARN_OBJC_ROOT_CLASS = YES_ERROR;
				CLANG_WARN_RANGE_LOOP_ANALYSIS = YES;
				CLANG_WARN_STRICT_PROTOTYPES = YES;
				CLANG_WARN_SUSPICIOUS_MOVE = YES;
				CLANG_WARN_UNGUARDED_AVAILABILITY = YES_AGGRESSIVE;
				CLANG_WARN_UNREACHABLE_CODE = YES;
				CLANG_WARN__DUPLICATE_METHOD_MATCH = YES;
				COPY_PHASE_STRIP = NO;
				DEBUG_INFORMATION_FORMAT = "dwarf-with-dsym";
				ENABLE_NS_ASSERTIONS = NO;
				ENABLE_STRICT_OBJC_MSGSEND = YES;
				GCC_C_LANGUAGE_STANDARD = gnu11;
				GCC_NO_COMMON_BLOCKS = YES;
				GCC_PRECOMPILE_PREFIX_HEADER = YES;
				GCC_PREFIX_HEADER = "$(SRCROOT)/$(PROJECT_NAME)/PrefixHeader.pch";
				GCC_WARN_64_TO_32_BIT_CONVERSION = YES;
				GCC_WARN_ABOUT_RETURN_TYPE = YES_ERROR;
				GCC_WARN_UNDECLARED_SELECTOR = YES;
				GCC_WARN_UNINITIALIZED_AUTOS = YES_AGGRESSIVE;
				GCC_WARN_UNUSED_FUNCTION = YES;
				GCC_WARN_UNUSED_VARIABLE = YES;
				IPHONEOS_DEPLOYMENT_TARGET = 13.2;
				MTL_ENABLE_DEBUG_INFO = NO;
				MTL_FAST_MATH = YES;
				SDKROOT = iphoneos;
				VALIDATE_PRODUCT = YES;
			};
			name = Release;
		};
		2B72BE4B242C81B600EDA2F8 /* Debug */ = {
			isa = XCBuildConfiguration;
			buildSettings = {
				ASSETCATALOG_COMPILER_APPICON_NAME = AppIcon;
				CODE_SIGN_STYLE = Automatic;
				GCC_PRECOMPILE_PREFIX_HEADER = YES;
				GCC_PREFIX_HEADER = "$(SRCROOT)/$(PROJECT_NAME)/PrefixHeader.pch";
				INFOPLIST_FILE = JsDemo/Info.plist;
				LD_RUNPATH_SEARCH_PATHS = (
					"$(inherited)",
					"@executable_path/Frameworks",
				);
				MARKETING_VERSION = 1.0.0;
				PRODUCT_BUNDLE_IDENTIFIER = com.wangxu.JsDemo;
				PRODUCT_NAME = "$(TARGET_NAME)";
				TARGETED_DEVICE_FAMILY = 1;
			};
			name = Debug;
		};
		2B72BE4C242C81B600EDA2F8 /* Release */ = {
			isa = XCBuildConfiguration;
			buildSettings = {
				ASSETCATALOG_COMPILER_APPICON_NAME = AppIcon;
				CODE_SIGN_STYLE = Automatic;
				GCC_PRECOMPILE_PREFIX_HEADER = YES;
				GCC_PREFIX_HEADER = "$(SRCROOT)/$(PROJECT_NAME)/PrefixHeader.pch";
				INFOPLIST_FILE = JsDemo/Info.plist;
				LD_RUNPATH_SEARCH_PATHS = (
					"$(inherited)",
					"@executable_path/Frameworks",
				);
				MARKETING_VERSION = 1.0.0;
				PRODUCT_BUNDLE_IDENTIFIER = com.wangxu.JsDemo;
				PRODUCT_NAME = "$(TARGET_NAME)";
				TARGETED_DEVICE_FAMILY = 1;
			};
			name = Release;
		};
		2B72BE4E242C81B600EDA2F8 /* Debug */ = {
			isa = XCBuildConfiguration;
			buildSettings = {
				BUNDLE_LOADER = "$(TEST_HOST)";
				CODE_SIGN_STYLE = Automatic;
				INFOPLIST_FILE = JsDemoTests/Info.plist;
				IPHONEOS_DEPLOYMENT_TARGET = 13.2;
				LD_RUNPATH_SEARCH_PATHS = (
					"$(inherited)",
					"@executable_path/Frameworks",
					"@loader_path/Frameworks",
				);
				PRODUCT_BUNDLE_IDENTIFIER = com.wangxu.JsDemo.JsDemoTests;
				PRODUCT_NAME = "$(TARGET_NAME)";
				TARGETED_DEVICE_FAMILY = "1,2";
				TEST_HOST = "$(BUILT_PRODUCTS_DIR)/JsDemo.app/JsDemo";
			};
			name = Debug;
		};
		2B72BE4F242C81B600EDA2F8 /* Release */ = {
			isa = XCBuildConfiguration;
			buildSettings = {
				BUNDLE_LOADER = "$(TEST_HOST)";
				CODE_SIGN_STYLE = Automatic;
				INFOPLIST_FILE = JsDemoTests/Info.plist;
				IPHONEOS_DEPLOYMENT_TARGET = 13.2;
				LD_RUNPATH_SEARCH_PATHS = (
					"$(inherited)",
					"@executable_path/Frameworks",
					"@loader_path/Frameworks",
				);
				PRODUCT_BUNDLE_IDENTIFIER = com.wangxu.JsDemo.JsDemoTests;
				PRODUCT_NAME = "$(TARGET_NAME)";
				TARGETED_DEVICE_FAMILY = "1,2";
				TEST_HOST = "$(BUILT_PRODUCTS_DIR)/JsDemo.app/JsDemo";
			};
			name = Release;
		};
		2B72BE51242C81B600EDA2F8 /* Debug */ = {
			isa = XCBuildConfiguration;
			buildSettings = {
				CODE_SIGN_STYLE = Automatic;
				INFOPLIST_FILE = JsDemoUITests/Info.plist;
				LD_RUNPATH_SEARCH_PATHS = (
					"$(inherited)",
					"@executable_path/Frameworks",
					"@loader_path/Frameworks",
				);
				PRODUCT_BUNDLE_IDENTIFIER = com.wangxu.JsDemo.JsDemoUITests;
				PRODUCT_NAME = "$(TARGET_NAME)";
				TARGETED_DEVICE_FAMILY = "1,2";
				TEST_TARGET_NAME = JsDemo;
			};
			name = Debug;
		};
		2B72BE52242C81B600EDA2F8 /* Release */ = {
			isa = XCBuildConfiguration;
			buildSettings = {
				CODE_SIGN_STYLE = Automatic;
				INFOPLIST_FILE = JsDemoUITests/Info.plist;
				LD_RUNPATH_SEARCH_PATHS = (
					"$(inherited)",
					"@executable_path/Frameworks",
					"@loader_path/Frameworks",
				);
				PRODUCT_BUNDLE_IDENTIFIER = com.wangxu.JsDemo.JsDemoUITests;
				PRODUCT_NAME = "$(TARGET_NAME)";
				TARGETED_DEVICE_FAMILY = "1,2";
				TEST_TARGET_NAME = JsDemo;
			};
			name = Release;
		};
/* End XCBuildConfiguration section */

/* Begin XCConfigurationList section */
		2B72BE16242C81B500EDA2F8 /* Build configuration list for PBXProject "JsDemo" */ = {
			isa = XCConfigurationList;
			buildConfigurations = (
				2B72BE48242C81B600EDA2F8 /* Debug */,
				2B72BE49242C81B600EDA2F8 /* Release */,
			);
			defaultConfigurationIsVisible = 0;
			defaultConfigurationName = Release;
		};
		2B72BE4A242C81B600EDA2F8 /* Build configuration list for PBXNativeTarget "JsDemo" */ = {
			isa = XCConfigurationList;
			buildConfigurations = (
				2B72BE4B242C81B600EDA2F8 /* Debug */,
				2B72BE4C242C81B600EDA2F8 /* Release */,
			);
			defaultConfigurationIsVisible = 0;
			defaultConfigurationName = Release;
		};
		2B72BE4D242C81B600EDA2F8 /* Build configuration list for PBXNativeTarget "JsDemoTests" */ = {
			isa = XCConfigurationList;
			buildConfigurations = (
				2B72BE4E242C81B600EDA2F8 /* Debug */,
				2B72BE4F242C81B600EDA2F8 /* Release */,
			);
			defaultConfigurationIsVisible = 0;
			defaultConfigurationName = Release;
		};
		2B72BE50242C81B600EDA2F8 /* Build configuration list for PBXNativeTarget "JsDemoUITests" */ = {
			isa = XCConfigurationList;
			buildConfigurations = (
				2B72BE51242C81B600EDA2F8 /* Debug */,
				2B72BE52242C81B600EDA2F8 /* Release */,
			);
			defaultConfigurationIsVisible = 0;
			defaultConfigurationName = Release;
		};
/* End XCConfigurationList section */
	};
	rootObject = 2B72BE13242C81B500EDA2F8 /* Project object */;
}
